
Microsoft Visual Studio Solution File, Format Version 12.00
# Visual Studio Version 17
VisualStudioVersion = 17.0.31903.59
MinimumVisualStudioVersion = 10.0.40219.1
Project("{FAE04EC0-301F-11D3-BF4B-00C04F79EFBC}") = "SampleASPMVC", "SampleASPMVC\SampleASPMVC.csproj", "{D336A60D-5B0F-4B95-B730-676CAA895AC5}"
EndProject
Project("{FAE04EC0-301F-11D3-BF4B-00C04F79EFBC}") = "SampleAspMvcEF", "SampleAspMvcEF\SampleAspMvcEF.csproj", "{CB252C93-6909-40BC-95EA-60A22B7B3A2B}"
EndProject
Project("{FAE04EC0-301F-11D3-BF4B-00C04F79EFBC}") = "HandsOnLab.BO", "HandsOnLab.BO\HandsOnLab.BO.csproj", "{0A20D451-05FE-4940-B15A-6D8446E55FDA}"
EndProject
Project("{FAE04EC0-301F-11D3-BF4B-00C04F79EFBC}") = "HandsOnLab.DAL", "HandsOnLab.DAL\HandsOnLab.DAL.csproj", "{AAF50904-B799-4CE0-97F4-E8318D656392}"
EndProject
Project("{FAE04EC0-301F-11D3-BF4B-00C04F79EFBC}") = "HandsOnLab.BL", "HandsOnLab.BL\HandsOnLab.BL.csproj", "{9E2F516C-6599-4EFF-AF0E-88499BC6BBDC}"
EndProject
Project("{FAE04EC0-301F-11D3-BF4B-00C04F79EFBC}") = "HandsOnLab.API", "HandsOnLab.API\HandsOnLab.API.csproj", "{2EEDBA5E-39F1-4FB3-B266-6ECDE969DE41}"
EndProject
Project("{FAE04EC0-301F-11D3-BF4B-00C04F79EFBC}") = "HandsOnLab.WebFormClient", "HandsOnLab.WebFormClient\HandsOnLab.WebFormClient.csproj", "{3255A259-B05A-44D0-B367-8AA89B737AA3}"
EndProject
Global
	GlobalSection(SolutionConfigurationPlatforms) = preSolution
		Debug|Any CPU = Debug|Any CPU
		Debug|x64 = Debug|x64
		Debug|x86 = Debug|x86
		Release|Any CPU = Release|Any CPU
		Release|x64 = Release|x64
		Release|x86 = Release|x86
	EndGlobalSection
	GlobalSection(ProjectConfigurationPlatforms) = postSolution
		{D336A60D-5B0F-4B95-B730-676CAA895AC5}.Debug|Any CPU.ActiveCfg = Debug|Any CPU
		{D336A60D-5B0F-4B95-B730-676CAA895AC5}.Debug|Any CPU.Build.0 = Debug|Any CPU
		{D336A60D-5B0F-4B95-B730-676CAA895AC5}.Debug|x64.ActiveCfg = Debug|Any CPU
		{D336A60D-5B0F-4B95-B730-676CAA895AC5}.Debug|x64.Build.0 = Debug|Any CPU
		{D336A60D-5B0F-4B95-B730-676CAA895AC5}.Debug|x86.ActiveCfg = Debug|Any CPU
		{D336A60D-5B0F-4B95-B730-676CAA895AC5}.Debug|x86.Build.0 = Debug|Any CPU
		{D336A60D-5B0F-4B95-B730-676CAA895AC5}.Release|Any CPU.ActiveCfg = Release|Any CPU
		{D336A60D-5B0F-4B95-B730-676CAA895AC5}.Release|Any CPU.Build.0 = Release|Any CPU
		{D336A60D-5B0F-4B95-B730-676CAA895AC5}.Release|x64.ActiveCfg = Release|Any CPU
		{D336A60D-5B0F-4B95-B730-676CAA895AC5}.Release|x64.Build.0 = Release|Any CPU
		{D336A60D-5B0F-4B95-B730-676CAA895AC5}.Release|x86.ActiveCfg = Release|Any CPU
		{D336A60D-5B0F-4B95-B730-676CAA895AC5}.Release|x86.Build.0 = Release|Any CPU
		{CB252C93-6909-40BC-95EA-60A22B7B3A2B}.Debug|Any CPU.ActiveCfg = Debug|Any CPU
		{CB252C93-6909-40BC-95EA-60A22B7B3A2B}.Debug|Any CPU.Build.0 = Debug|Any CPU
		{CB252C93-6909-40BC-95EA-60A22B7B3A2B}.Debug|x64.ActiveCfg = Debug|Any CPU
		{CB252C93-6909-40BC-95EA-60A22B7B3A2B}.Debug|x64.Build.0 = Debug|Any CPU
		{CB252C93-6909-40BC-95EA-60A22B7B3A2B}.Debug|x86.ActiveCfg = Debug|Any CPU
		{CB252C93-6909-40BC-95EA-60A22B7B3A2B}.Debug|x86.Build.0 = Debug|Any CPU
		{CB252C93-6909-40BC-95EA-60A22B7B3A2B}.Release|Any CPU.ActiveCfg = Release|Any CPU
		{CB252C93-6909-40BC-95EA-60A22B7B3A2B}.Release|Any CPU.Build.0 = Release|Any CPU
		{CB252C93-6909-40BC-95EA-60A22B7B3A2B}.Release|x64.ActiveCfg = Release|Any CPU
		{CB252C93-6909-40BC-95EA-60A22B7B3A2B}.Release|x64.Build.0 = Release|Any CPU
		{CB252C93-6909-40BC-95EA-60A22B7B3A2B}.Release|x86.ActiveCfg = Release|Any CPU
		{CB252C93-6909-40BC-95EA-60A22B7B3A2B}.Release|x86.Build.0 = Release|Any CPU
		{0A20D451-05FE-4940-B15A-6D8446E55FDA}.Debug|Any CPU.ActiveCfg = Debug|Any CPU
		{0A20D451-05FE-4940-B15A-6D8446E55FDA}.Debug|Any CPU.Build.0 = Debug|Any CPU
		{0A20D451-05FE-4940-B15A-6D8446E55FDA}.Debug|x64.ActiveCfg = Debug|Any CPU
		{0A20D451-05FE-4940-B15A-6D8446E55FDA}.Debug|x64.Build.0 = Debug|Any CPU
		{0A20D451-05FE-4940-B15A-6D8446E55FDA}.Debug|x86.ActiveCfg = Debug|Any CPU
		{0A20D451-05FE-4940-B15A-6D8446E55FDA}.Debug|x86.Build.0 = Debug|Any CPU
		{0A20D451-05FE-4940-B15A-6D8446E55FDA}.Release|Any CPU.ActiveCfg = Release|Any CPU
		{0A20D451-05FE-4940-B15A-6D8446E55FDA}.Release|Any CPU.Build.0 = Release|Any CPU
		{0A20D451-05FE-4940-B15A-6D8446E55FDA}.Release|x64.ActiveCfg = Release|Any CPU
		{0A20D451-05FE-4940-B15A-6D8446E55FDA}.Release|x64.Build.0 = Release|Any CPU
		{0A20D451-05FE-4940-B15A-6D8446E55FDA}.Release|x86.ActiveCfg = Release|Any CPU
		{0A20D451-05FE-4940-B15A-6D8446E55FDA}.Release|x86.Build.0 = Release|Any CPU
		{AAF50904-B799-4CE0-97F4-E8318D656392}.Debug|Any CPU.ActiveCfg = Debug|Any CPU
		{AAF50904-B799-4CE0-97F4-E8318D656392}.Debug|Any CPU.Build.0 = Debug|Any CPU
		{AAF50904-B799-4CE0-97F4-E8318D656392}.Debug|x64.ActiveCfg = Debug|Any CPU
		{AAF50904-B799-4CE0-97F4-E8318D656392}.Debug|x64.Build.0 = Debug|Any CPU
		{AAF50904-B799-4CE0-97F4-E8318D656392}.Debug|x86.ActiveCfg = Debug|Any CPU
		{AAF50904-B799-4CE0-97F4-E8318D656392}.Debug|x86.Build.0 = Debug|Any CPU
		{AAF50904-B799-4CE0-97F4-E8318D656392}.Release|Any CPU.ActiveCfg = Release|Any CPU
		{AAF50904-B799-4CE0-97F4-E8318D656392}.Release|Any CPU.Build.0 = Release|Any CPU
		{AAF50904-B799-4CE0-97F4-E8318D656392}.Release|x64.ActiveCfg = Release|Any CPU
		{AAF50904-B799-4CE0-97F4-E8318D656392}.Release|x64.Build.0 = Release|Any CPU
		{AAF50904-B799-4CE0-97F4-E8318D656392}.Release|x86.ActiveCfg = Release|Any CPU
		{AAF50904-B799-4CE0-97F4-E8318D656392}.Release|x86.Build.0 = Release|Any CPU
		{9E2F516C-6599-4EFF-AF0E-88499BC6BBDC}.Debug|Any CPU.ActiveCfg = Debug|Any CPU
		{9E2F516C-6599-4EFF-AF0E-88499BC6BBDC}.Debug|Any CPU.Build.0 = Debug|Any CPU
		{9E2F516C-6599-4EFF-AF0E-88499BC6BBDC}.Debug|x64.ActiveCfg = Debug|Any CPU
		{9E2F516C-6599-4EFF-AF0E-88499BC6BBDC}.Debug|x64.Build.0 = Debug|Any CPU
		{9E2F516C-6599-4EFF-AF0E-88499BC6BBDC}.Debug|x86.ActiveCfg = Debug|Any CPU
		{9E2F516C-6599-4EFF-AF0E-88499BC6BBDC}.Debug|x86.Build.0 = Debug|Any CPU
		{9E2F516C-6599-4EFF-AF0E-88499BC6BBDC}.Release|Any CPU.ActiveCfg = Release|Any CPU
		{9E2F516C-6599-4EFF-AF0E-88499BC6BBDC}.Release|Any CPU.Build.0 = Release|Any CPU
		{9E2F516C-6599-4EFF-AF0E-88499BC6BBDC}.Release|x64.ActiveCfg = Release|Any CPU
		{9E2F516C-6599-4EFF-AF0E-88499BC6BBDC}.Release|x64.Build.0 = Release|Any CPU
		{9E2F516C-6599-4EFF-AF0E-88499BC6BBDC}.Release|x86.ActiveCfg = Release|Any CPU
		{9E2F516C-6599-4EFF-AF0E-88499BC6BBDC}.Release|x86.Build.0 = Release|Any CPU
		{2EEDBA5E-39F1-4FB3-B266-6ECDE969DE41}.Debug|Any CPU.ActiveCfg = Debug|Any CPU
		{2EEDBA5E-39F1-4FB3-B266-6ECDE969DE41}.Debug|Any CPU.Build.0 = Debug|Any CPU
		{2EEDBA5E-39F1-4FB3-B266-6ECDE969DE41}.Debug|x64.ActiveCfg = Debug|Any CPU
		{2EEDBA5E-39F1-4FB3-B266-6ECDE969DE41}.Debug|x64.Build.0 = Debug|Any CPU
		{2EEDBA5E-39F1-4FB3-B266-6ECDE969DE41}.Debug|x86.ActiveCfg = Debug|Any CPU
		{2EEDBA5E-39F1-4FB3-B266-6ECDE969DE41}.Debug|x86.Build.0 = Debug|Any CPU
		{2EEDBA5E-39F1-4FB3-B266-6ECDE969DE41}.Release|Any CPU.ActiveCfg = Release|Any CPU
		{2EEDBA5E-39F1-4FB3-B266-6ECDE969DE41}.Release|Any CPU.Build.0 = Release|Any CPU
		{2EEDBA5E-39F1-4FB3-B266-6ECDE969DE41}.Release|x64.ActiveCfg = Release|Any CPU
		{2EEDBA5E-39F1-4FB3-B266-6ECDE969DE41}.Release|x64.Build.0 = Release|Any CPU
		{2EEDBA5E-39F1-4FB3-B266-6ECDE969DE41}.Release|x86.ActiveCfg = Release|Any CPU
		{2EEDBA5E-39F1-4FB3-B266-6ECDE969DE41}.Release|x86.Build.0 = Release|Any CPU
		{3255A259-B05A-44D0-B367-8AA89B737AA3}.Debug|Any CPU.ActiveCfg = Debug|Any CPU
		{3255A259-B05A-44D0-B367-8AA89B737AA3}.Debug|Any CPU.Build.0 = Debug|Any CPU
		{3255A259-B05A-44D0-B367-8AA89B737AA3}.Debug|x64.ActiveCfg = Debug|Any CPU
		{3255A259-B05A-44D0-B367-8AA89B737AA3}.Debug|x64.Build.0 = Debug|Any CPU
		{3255A259-B05A-44D0-B367-8AA89B737AA3}.Debug|x86.ActiveCfg = Debug|Any CPU
		{3255A259-B05A-44D0-B367-8AA89B737AA3}.Debug|x86.Build.0 = Debug|Any CPU
		{3255A259-B05A-44D0-B367-8AA89B737AA3}.Release|Any CPU.ActiveCfg = Release|Any CPU
		{3255A259-B05A-44D0-B367-8AA89B737AA3}.Release|Any CPU.Build.0 = Release|Any CPU
		{3255A259-B05A-44D0-B367-8AA89B737AA3}.Release|x64.ActiveCfg = Release|Any CPU
		{3255A259-B05A-44D0-B367-8AA89B737AA3}.Release|x64.Build.0 = Release|Any CPU
		{3255A259-B05A-44D0-B367-8AA89B737AA3}.Release|x86.ActiveCfg = Release|Any CPU
		{3255A259-B05A-44D0-B367-8AA89B737AA3}.Release|x86.Build.0 = Release|Any CPU
	EndGlobalSection
	GlobalSection(SolutionProperties) = preSolution
		HideSolutionNode = FALSE
	EndGlobalSection
	GlobalSection(ExtensibilityGlobals) = postSolution
		SolutionGuid = {2B225226-4CCD-49E4-A8D6-1A071FE26626}
	EndGlobalSection
EndGlobal
